
Microsoft Visual Studio Solution File, Format Version 12.00
# Visual Studio 2013
VisualStudioVersion = 12.0.21005.1
MinimumVisualStudioVersion = 10.0.40219.1
Project("{FAE04EC0-301F-11D3-BF4B-00C04F79EFBC}") = "ZopaDAL", "ZopaDAL\ZopaDAL.csproj", "{6F479D01-5BB4-4069-9DDF-8C390ADCA78B}"
EndProject
Project("{FAE04EC0-301F-11D3-BF4B-00C04F79EFBC}") = "ZopaDALTests", "ZopaDALTests\ZopaDALTests.csproj", "{63EE3880-56ED-4771-B2CB-28D8A57C505C}"
EndProject
Project("{FAE04EC0-301F-11D3-BF4B-00C04F79EFBC}") = "ZopaService", "ZopaService\ZopaService.csproj", "{3DF7765B-B011-456E-A937-0CE483106012}"
EndProject
Project("{FAE04EC0-301F-11D3-BF4B-00C04F79EFBC}") = "ZopaServiceTests", "ZopaServiceTests\ZopaServiceTests.csproj", "{51152F5C-582D-4F33-BBEB-966F8EE9B9F4}"
EndProject
Project("{FAE04EC0-301F-11D3-BF4B-00C04F79EFBC}") = "ZopaConsole", "ZopaConsole\ZopaConsole.csproj", "{5E39BFDD-2115-4671-A8E5-A6C58AD89CA8}"
EndProject
Global
	GlobalSection(SolutionConfigurationPlatforms) = preSolution
		Debug|Any CPU = Debug|Any CPU
		Release|Any CPU = Release|Any CPU
	EndGlobalSection
	GlobalSection(ProjectConfigurationPlatforms) = postSolution
		{6F479D01-5BB4-4069-9DDF-8C390ADCA78B}.Debug|Any CPU.ActiveCfg = Debug|Any CPU
		{6F479D01-5BB4-4069-9DDF-8C390ADCA78B}.Debug|Any CPU.Build.0 = Debug|Any CPU
		{6F479D01-5BB4-4069-9DDF-8C390ADCA78B}.Release|Any CPU.ActiveCfg = Release|Any CPU
		{6F479D01-5BB4-4069-9DDF-8C390ADCA78B}.Release|Any CPU.Build.0 = Release|Any CPU
		{63EE3880-56ED-4771-B2CB-28D8A57C505C}.Debug|Any CPU.ActiveCfg = Debug|Any CPU
		{63EE3880-56ED-4771-B2CB-28D8A57C505C}.Debug|Any CPU.Build.0 = Debug|Any CPU
		{63EE3880-56ED-4771-B2CB-28D8A57C505C}.Release|Any CPU.ActiveCfg = Release|Any CPU
		{63EE3880-56ED-4771-B2CB-28D8A57C505C}.Release|Any CPU.Build.0 = Release|Any CPU
		{3DF7765B-B011-456E-A937-0CE483106012}.Debug|Any CPU.ActiveCfg = Debug|Any CPU
		{3DF7765B-B011-456E-A937-0CE483106012}.Debug|Any CPU.Build.0 = Debug|Any CPU
		{3DF7765B-B011-456E-A937-0CE483106012}.Release|Any CPU.ActiveCfg = Release|Any CPU
		{3DF7765B-B011-456E-A937-0CE483106012}.Release|Any CPU.Build.0 = Release|Any CPU
		{51152F5C-582D-4F33-BBEB-966F8EE9B9F4}.Debug|Any CPU.ActiveCfg = Debug|Any CPU
		{51152F5C-582D-4F33-BBEB-966F8EE9B9F4}.Debug|Any CPU.Build.0 = Debug|Any CPU
		{51152F5C-582D-4F33-BBEB-966F8EE9B9F4}.Release|Any CPU.ActiveCfg = Release|Any CPU
		{51152F5C-582D-4F33-BBEB-966F8EE9B9F4}.Release|Any CPU.Build.0 = Release|Any CPU
		{5E39BFDD-2115-4671-A8E5-A6C58AD89CA8}.Debug|Any CPU.ActiveCfg = Debug|Any CPU
		{5E39BFDD-2115-4671-A8E5-A6C58AD89CA8}.Debug|Any CPU.Build.0 = Debug|Any CPU
		{5E39BFDD-2115-4671-A8E5-A6C58AD89CA8}.Release|Any CPU.ActiveCfg = Release|Any CPU
		{5E39BFDD-2115-4671-A8E5-A6C58AD89CA8}.Release|Any CPU.Build.0 = Release|Any CPU
	EndGlobalSection
	GlobalSection(SolutionProperties) = preSolution
		HideSolutionNode = FALSE
	EndGlobalSection
EndGlobal
